// !$*UTF8*$!
{
	archiveVersion = 1;
	classes = {
	};
	objectVersion = 46;
	objects = {

/* Begin PBXBuildFile section */
		AF215B8920B87FEA00C09060 /* main.c in Sources */ = {isa = PBXBuildFile; fileRef = AF215B8820B87FEA00C09060 /* main.c */; };
		AF215B9A20B884DE00C09060 /* CreateHashMap.c in Sources */ = {isa = PBXBuildFile; fileRef = AF215B9820B884DE00C09060 /* CreateHashMap.c */; };
		AF215BA020B8853600C09060 /* HMBasicFunc.c in Sources */ = {isa = PBXBuildFile; fileRef = AF215B9E20B8853600C09060 /* HMBasicFunc.c */; };
		AF215BA320BA387400C09060 /* SearchforWord.c in Sources */ = {isa = PBXBuildFile; fileRef = AF215BA120BA387400C09060 /* SearchforWord.c */; };
		AF215BA620BF3F4C00C09060 /* ResListFunc.c in Sources */ = {isa = PBXBuildFile; fileRef = AF215BA420BF3F4C00C09060 /* ResListFunc.c */; };
/* End PBXBuildFile section */

/* Begin PBXCopyFilesBuildPhase section */
		AF215B8320B87FEA00C09060 /* CopyFiles */ = {
			isa = PBXCopyFilesBuildPhase;
			buildActionMask = 2147483647;
			dstPath = /usr/share/man/man1/;
			dstSubfolderSpec = 0;
			files = (
			);
			runOnlyForDeploymentPostprocessing = 1;
		};
/* End PBXCopyFilesBuildPhase section */

/* Begin PBXFileReference section */
		AF215B8520B87FEA00C09060 /* SearchEngine */ = {isa = PBXFileReference; explicitFileType = "compiled.mach-o.executable"; includeInIndex = 0; path = SearchEngine; sourceTree = BUILT_PRODUCTS_DIR; };
		AF215B8820B87FEA00C09060 /* main.c */ = {isa = PBXFileReference; lastKnownFileType = sourcecode.c.c; path = main.c; sourceTree = "<group>"; };
		AF215B9820B884DE00C09060 /* CreateHashMap.c */ = {isa = PBXFileReference; fileEncoding = 4; lastKnownFileType = sourcecode.c.c; path = CreateHashMap.c; sourceTree = "<group>"; };
		AF215B9920B884DE00C09060 /* CreateHashMap.h */ = {isa = PBXFileReference; fileEncoding = 4; lastKnownFileType = sourcecode.c.h; path = CreateHashMap.h; sourceTree = "<group>"; };
		AF215B9E20B8853600C09060 /* HMBasicFunc.c */ = {isa = PBXFileReference; fileEncoding = 4; lastKnownFileType = sourcecode.c.c; path = HMBasicFunc.c; sourceTree = "<group>"; };
		AF215B9F20B8853600C09060 /* HMBasicFunc.h */ = {isa = PBXFileReference; fileEncoding = 4; lastKnownFileType = sourcecode.c.h; path = HMBasicFunc.h; sourceTree = "<group>"; };
		AF215BA120BA387400C09060 /* SearchforWord.c */ = {isa = PBXFileReference; fileEncoding = 4; lastKnownFileType = sourcecode.c.c; path = SearchforWord.c; sourceTree = "<group>"; };
		AF215BA220BA387400C09060 /* SearchforWord.h */ = {isa = PBXFileReference; fileEncoding = 4; lastKnownFileType = sourcecode.c.h; path = SearchforWord.h; sourceTree = "<group>"; };
		AF215BA420BF3F4C00C09060 /* ResListFunc.c */ = {isa = PBXFileReference; fileEncoding = 4; lastKnownFileType = sourcecode.c.c; path = ResListFunc.c; sourceTree = "<group>"; };
		AF215BA520BF3F4C00C09060 /* ResListFunc.h */ = {isa = PBXFileReference; fileEncoding = 4; lastKnownFileType = sourcecode.c.h; path = ResListFunc.h; sourceTree = "<group>"; };
/* End PBXFileReference section */

/* Begin PBXFrameworksBuildPhase section */
		AF215B8220B87FEA00C09060 /* Frameworks */ = {
			isa = PBXFrameworksBuildPhase;
			buildActionMask = 2147483647;
			files = (
			);
			runOnlyForDeploymentPostprocessing = 0;
		};
/* End PBXFrameworksBuildPhase section */

/* Begin PBXGroup section */
		AF215B7C20B87FEA00C09060 = {
			isa = PBXGroup;
			children = (
				AF215B8720B87FEA00C09060 /* SearchEngine */,
				AF215B8620B87FEA00C09060 /* Products */,
			);
			sourceTree = "<group>";
		};
		AF215B8620B87FEA00C09060 /* Products */ = {
			isa = PBXGroup;
			children = (
				AF215B8520B87FEA00C09060 /* SearchEngine */,
			);
			name = Products;
			sourceTree = "<group>";
		};
		AF215B8720B87FEA00C09060 /* SearchEngine */ = {
			isa = PBXGroup;
			children = (
				AF215BA420BF3F4C00C09060 /* ResListFunc.c */,
				AF215BA520BF3F4C00C09060 /* ResListFunc.h */,
				AF215BA120BA387400C09060 /* SearchforWord.c */,
				AF215BA220BA387400C09060 /* SearchforWord.h */,
				AF215B9820B884DE00C09060 /* CreateHashMap.c */,
				AF215B9920B884DE00C09060 /* CreateHashMap.h */,
				AF215B9E20B8853600C09060 /* HMBasicFunc.c */,
				AF215B9F20B8853600C09060 /* HMBasicFunc.h */,
				AF215B8820B87FEA00C09060 /* main.c */,
			);
			path = SearchEngine;
			sourceTree = "<group>";
		};
/* End PBXGroup section */

/* Begin PBXNativeTarget section */
		AF215B8420B87FEA00C09060 /* SearchEngine */ = {
			isa = PBXNativeTarget;
			buildConfigurationList = AF215B8C20B87FEA00C09060 /* Build configuration list for PBXNativeTarget "SearchEngine" */;
			buildPhases = (
				AF215B8120B87FEA00C09060 /* Sources */,
				AF215B8220B87FEA00C09060 /* Frameworks */,
				AF215B8320B87FEA00C09060 /* CopyFiles */,
			);
			buildRules = (
			);
			dependencies = (
			);
			name = SearchEngine;
			productName = SearchEngine;
			productReference = AF215B8520B87FEA00C09060 /* SearchEngine */;
			productType = "com.apple.product-type.tool";
		};
/* End PBXNativeTarget section */

/* Begin PBXProject section */
		AF215B7D20B87FEA00C09060 /* Project object */ = {
			isa = PBXProject;
			attributes = {
				LastUpgradeCheck = 0830;
				ORGANIZATIONNAME = "Shen guo";
				TargetAttributes = {
					AF215B8420B87FEA00C09060 = {
						CreatedOnToolsVersion = 8.3.3;
						ProvisioningStyle = Automatic;
					};
				};
			};
			buildConfigurationList = AF215B8020B87FEA00C09060 /* Build configuration list for PBXProject "SearchEngine" */;
			compatibilityVersion = "Xcode 3.2";
			developmentRegion = English;
			hasScannedForEncodings = 0;
			knownRegions = (
				en,
			);
			mainGroup = AF215B7C20B87FEA00C09060;
			productRefGroup = AF215B8620B87FEA00C09060 /* Products */;
			projectDirPath = "";
			projectRoot = "";
			targets = (
				AF215B8420B87FEA00C09060 /* SearchEngine */,
			);
		};
/* End PBXProject section */

/* Begin PBXSourcesBuildPhase section */
		AF215B8120B87FEA00C09060 /* Sources */ = {
			isa = PBXSourcesBuildPhase;
			buildActionMask = 2147483647;
			files = (
				AF215BA020B8853600C09060 /* HMBasicFunc.c in Sources */,
				AF215BA320BA387400C09060 /* SearchforWord.c in Sources */,
				AF215B9A20B884DE00C09060 /* CreateHashMap.c in Sources */,
				AF215BA620BF3F4C00C09060 /* ResListFunc.c in Sources */,
				AF215B8920B87FEA00C09060 /* main.c in Sources */,
			);
			runOnlyForDeploymentPostprocessing = 0;
		};
/* End PBXSourcesBuildPhase section */

/* Begin XCBuildConfiguration section */
		AF215B8A20B87FEA00C09060 /* Debug */ = {
			isa = XCBuildConfiguration;
			buildSettings = {
				ALWAYS_SEARCH_USER_PATHS = NO;
				CLANG_ANALYZER_NONNULL = YES;
				CLANG_ANALYZER_NUMBER_OBJECT_CONVERSION = YES_AGGRESSIVE;
				CLANG_CXX_LANGUAGE_STANDARD = "gnu++0x";
				CLANG_CXX_LIBRARY = "libc++";
				CLANG_ENABLE_MODULES = YES;
				CLANG_ENABLE_OBJC_ARC = YES;
				CLANG_WARN_BOOL_CONVERSION = YES;
				CLANG_WARN_CONSTANT_CONVERSION = YES;
				CLANG_WARN_DIRECT_OBJC_ISA_USAGE = YES_ERROR;
				CLANG_WARN_DOCUMENTATION_COMMENTS = YES;
				CLANG_WARN_EMPTY_BODY = YES;
				CLANG_WARN_ENUM_CONVERSION = YES;
				CLANG_WARN_INFINITE_RECURSION = YES;
				CLANG_WARN_INT_CONVERSION = YES;
				CLANG_WARN_OBJC_ROOT_CLASS = YES_ERROR;
				CLANG_WARN_SUSPICIOUS_MOVE = YES;
				CLANG_WARN_UNREACHABLE_CODE = YES;
				CLANG_WARN__DUPLICATE_METHOD_MATCH = YES;
				CODE_SIGN_IDENTITY = "-";
				COPY_PHASE_STRIP = NO;
				DEBUG_INFORMATION_FORMAT = dwarf;
				ENABLE_STRICT_OBJC_MSGSEND = YES;
				ENABLE_TESTABILITY = YES;
				GCC_C_LANGUAGE_STANDARD = gnu99;
				GCC_DYNAMIC_NO_PIC = NO;
				GCC_NO_COMMON_BLOCKS = YES;
				GCC_OPTIMIZATION_LEVEL = 0;
				GCC_PREPROCESSOR_DEFINITIONS = (
					"DEBUG=1",
					"$(inherited)",
				);
				GCC_WARN_64_TO_32_BIT_CONVERSION = YES;
				GCC_WARN_ABOUT_RETURN_TYPE = YES_ERROR;
				GCC_WARN_UNDECLARED_SELECTOR = YES;
				GCC_WARN_UNINITIALIZED_AUTOS = YES_AGGRESSIVE;
				GCC_WARN_UNUSED_FUNCTION = YES;
				GCC_WARN_UNUSED_VARIABLE = YES;
				MACOSX_DEPLOYMENT_TARGET = 10.12;
				MTL_ENABLE_DEBUG_INFO = YES;
				ONLY_ACTIVE_ARCH = YES;
				SDKROOT = macosx;
			};
			name = Debug;
		};
		AF215B8B20B87FEA00C09060 /* Release */ = {
			isa = XCBuildConfiguration;
			buildSettings = {
				ALWAYS_SEARCH_USER_PATHS = NO;
				CLANG_ANALYZER_NONNULL = YES;
				CLANG_ANALYZER_NUMBER_OBJECT_CONVERSION = YES_AGGRESSIVE;
				CLANG_CXX_LANGUAGE_STANDARD = "gnu++0x";
				CLANG_CXX_LIBRARY = "libc++";
				CLANG_ENABLE_MODULES = YES;
				CLANG_ENABLE_OBJC_ARC = YES;
				CLANG_WARN_BOOL_CONVERSION = YES;
				CLANG_WARN_CONSTANT_CONVERSION = YES;
				CLANG_WARN_DIRECT_OBJC_ISA_USAGE = YES_ERROR;
				CLANG_WARN_DOCUMENTATION_COMMENTS = YES;
				CLANG_WARN_EMPTY_BODY = YES;
				CLANG_WARN_ENUM_CONVERSION = YES;
				CLANG_WARN_INFINITE_RECURSION = YES;
				CLANG_WARN_INT_CONVERSION = YES;
				CLANG_WARN_OBJC_ROOT_CLASS = YES_ERROR;
				CLANG_WARN_SUSPICIOUS_MOVE = YES;
				CLANG_WARN_UNREACHABLE_CODE = YES;
				CLANG_WARN__DUPLICATE_METHOD_MATCH = YES;
				CODE_SIGN_IDENTITY = "-";
				COPY_PHASE_STRIP = NO;
				DEBUG_INFORMATION_FORMAT = "dwarf-with-dsym";
				ENABLE_NS_ASSERTIONS = NO;
				ENABLE_STRICT_OBJC_MSGSEND = YES;
				GCC_C_LANGUAGE_STANDARD = gnu99;
				GCC_NO_COMMON_BLOCKS = YES;
				GCC_WARN_64_TO_32_BIT_CONVERSION = YES;
				GCC_WARN_ABOUT_RETURN_TYPE = YES_ERROR;
				GCC_WARN_UNDECLARED_SELECTOR = YES;
				GCC_WARN_UNINITIALIZED_AUTOS = YES_AGGRESSIVE;
				GCC_WARN_UNUSED_FUNCTION = YES;
				GCC_WARN_UNUSED_VARIABLE = YES;
				MACOSX_DEPLOYMENT_TARGET = 10.12;
				MTL_ENABLE_DEBUG_INFO = NO;
				SDKROOT = macosx;
			};
			name = Release;
		};
		AF215B8D20B87FEA00C09060 /* Debug */ = {
			isa = XCBuildConfiguration;
			buildSettings = {
				PRODUCT_NAME = "$(TARGET_NAME)";
			};
			name = Debug;
		};
		AF215B8E20B87FEA00C09060 /* Release */ = {
			isa = XCBuildConfiguration;
			buildSettings = {
				PRODUCT_NAME = "$(TARGET_NAME)";
			};
			name = Release;
		};
/* End XCBuildConfiguration section */

/* Begin XCConfigurationList section */
		AF215B8020B87FEA00C09060 /* Build configuration list for PBXProject "SearchEngine" */ = {
			isa = XCConfigurationList;
			buildConfigurations = (
				AF215B8A20B87FEA00C09060 /* Debug */,
				AF215B8B20B87FEA00C09060 /* Release */,
			);
			defaultConfigurationIsVisible = 0;
			defaultConfigurationName = Release;
		};
		AF215B8C20B87FEA00C09060 /* Build configuration list for PBXNativeTarget "SearchEngine" */ = {
			isa = XCConfigurationList;
			buildConfigurations = (
				AF215B8D20B87FEA00C09060 /* Debug */,
				AF215B8E20B87FEA00C09060 /* Release */,
			);
			defaultConfigurationIsVisible = 0;
			defaultConfigurationName = Release;
		};
/* End XCConfigurationList section */
	};
	rootObject = AF215B7D20B87FEA00C09060 /* Project object */;
}
